// !$*UTF8*$!
{
	archiveVersion = 1;
	classes = {
	};
	objectVersion = 46;
	objects = {

/* Begin PBXBuildFile section */
		5B03DE7C1A8B4DF800338828 /* SortViewController.m in Sources */ = {isa = PBXBuildFile; fileRef = 5B03DE7B1A8B4DF800338828 /* SortViewController.m */; };
		5B03DE7F1A8B5DBD00338828 /* SortType.m in Sources */ = {isa = PBXBuildFile; fileRef = 5B03DE7E1A8B5DBD00338828 /* SortType.m */; };
		5B192D9E1A650246001F5646 /* ArchitectsDaughter.ttf in Resources */ = {isa = PBXBuildFile; fileRef = 5B192D9A1A650246001F5646 /* ArchitectsDaughter.ttf */; };
		5B192D9F1A650246001F5646 /* CoveredByYourGrace.ttf in Resources */ = {isa = PBXBuildFile; fileRef = 5B192D9B1A650246001F5646 /* CoveredByYourGrace.ttf */; };
		5B192DA01A650246001F5646 /* IndieFlower.ttf in Resources */ = {isa = PBXBuildFile; fileRef = 5B192D9C1A650246001F5646 /* IndieFlower.ttf */; };
		5B192DA11A650246001F5646 /* ShadowsIntoLightTwo-Regular.ttf in Resources */ = {isa = PBXBuildFile; fileRef = 5B192D9D1A650246001F5646 /* ShadowsIntoLightTwo-Regular.ttf */; };
		5B31A45E1A1F17C700629C09 /* UIButton+Image.m in Sources */ = {isa = PBXBuildFile; fileRef = 5B31A45D1A1F17C700629C09 /* UIButton+Image.m */; };
		5B31A4681A1F5CCE00629C09 /* Constants.m in Sources */ = {isa = PBXBuildFile; fileRef = 5B31A4671A1F5CCE00629C09 /* Constants.m */; };
		5B4833C91A1B1B1100CA240D /* main.m in Sources */ = {isa = PBXBuildFile; fileRef = 5B4833C81A1B1B1100CA240D /* main.m */; };
		5B4833CC1A1B1B1100CA240D /* AppDelegate.m in Sources */ = {isa = PBXBuildFile; fileRef = 5B4833CB1A1B1B1100CA240D /* AppDelegate.m */; };
		5B4833D21A1B1B1100CA240D /* Main.storyboard in Resources */ = {isa = PBXBuildFile; fileRef = 5B4833D01A1B1B1100CA240D /* Main.storyboard */; };
		5B4833D41A1B1B1100CA240D /* Images.xcassets in Resources */ = {isa = PBXBuildFile; fileRef = 5B4833D31A1B1B1100CA240D /* Images.xcassets */; };
		5B4833E31A1B1B1100CA240D /* SoulIntentionTests.m in Sources */ = {isa = PBXBuildFile; fileRef = 5B4833E21A1B1B1100CA240D /* SoulIntentionTests.m */; };
		5B4834001A1B1B5100CA240D /* FacebookManager.m in Sources */ = {isa = PBXBuildFile; fileRef = 5B4833EE1A1B1B5100CA240D /* FacebookManager.m */; };
		5B4834011A1B1B5100CA240D /* SoulIntentionManager.m in Sources */ = {isa = PBXBuildFile; fileRef = 5B4833F01A1B1B5100CA240D /* SoulIntentionManager.m */; };
		5B4834021A1B1B5100CA240D /* TwitterManager.m in Sources */ = {isa = PBXBuildFile; fileRef = 5B4833F21A1B1B5100CA240D /* TwitterManager.m */; };
		5B4834031A1B1B5100CA240D /* Post.m in Sources */ = {isa = PBXBuildFile; fileRef = 5B4833F51A1B1B5100CA240D /* Post.m */; };
		5B4834041A1B1B5100CA240D /* ListTableViewCell.m in Sources */ = {isa = PBXBuildFile; fileRef = 5B4833F81A1B1B5100CA240D /* ListTableViewCell.m */; };
		5B4834051A1B1B5100CA240D /* ListViewController.m in Sources */ = {isa = PBXBuildFile; fileRef = 5B4833FB1A1B1B5100CA240D /* ListViewController.m */; };
		5B4834061A1B1B5100CA240D /* MainViewController.m in Sources */ = {isa = PBXBuildFile; fileRef = 5B4833FD1A1B1B5100CA240D /* MainViewController.m */; };
		5B4834071A1B1B5100CA240D /* PostViewController.m in Sources */ = {isa = PBXBuildFile; fileRef = 5B4833FF1A1B1B5100CA240D /* PostViewController.m */; };
		5B532A581A1CCC4E00D96279 /* Author.m in Sources */ = {isa = PBXBuildFile; fileRef = 5B532A571A1CCC4E00D96279 /* Author.m */; };
		5B8CAA651A1B579C0056020B /* Social.framework in Frameworks */ = {isa = PBXBuildFile; fileRef = 5B8CAA641A1B579C0056020B /* Social.framework */; };
		5B8CAA671A1B57A80056020B /* Accounts.framework in Frameworks */ = {isa = PBXBuildFile; fileRef = 5B8CAA661A1B57A80056020B /* Accounts.framework */; };
		5BA250FD1A1CA5C200EA2F57 /* SocialManager.m in Sources */ = {isa = PBXBuildFile; fileRef = 5BA250FC1A1CA5C200EA2F57 /* SocialManager.m */; };
		5BB622F11A2364BD003797D3 /* UIView+LoadingIndicator.m in Sources */ = {isa = PBXBuildFile; fileRef = 5BB622F01A2364BD003797D3 /* UIView+LoadingIndicator.m */; };
		5BF05C951A712A2C00AE6645 /* InitialViewController.m in Sources */ = {isa = PBXBuildFile; fileRef = 5BF05C941A712A2C00AE6645 /* InitialViewController.m */; };
		84CE291B1A1B393300109DC3 /* AutorViewController.m in Sources */ = {isa = PBXBuildFile; fileRef = 84CE291A1A1B393300109DC3 /* AutorViewController.m */; };
		B5884602BAEE1AFCDF27C19E /* libPods.a in Frameworks */ = {isa = PBXBuildFile; fileRef = 064D9156E3CB37447070654F /* libPods.a */; };
/* End PBXBuildFile section */

/* Begin PBXContainerItemProxy section */
		5B4833DD1A1B1B1100CA240D /* PBXContainerItemProxy */ = {
			isa = PBXContainerItemProxy;
			containerPortal = 5B4833BB1A1B1B1100CA240D /* Project object */;
			proxyType = 1;
			remoteGlobalIDString = 5B4833C21A1B1B1100CA240D;
			remoteInfo = SoulIntention;
		};
/* End PBXContainerItemProxy section */

/* Begin PBXFileReference section */
		064D9156E3CB37447070654F /* libPods.a */ = {isa = PBXFileReference; explicitFileType = archive.ar; includeInIndex = 0; path = libPods.a; sourceTree = BUILT_PRODUCTS_DIR; };
		25DBFB504AFE52C4B16713B9 /* Pods.debug.xcconfig */ = {isa = PBXFileReference; includeInIndex = 1; lastKnownFileType = text.xcconfig; name = Pods.debug.xcconfig; path = "Pods/Target Support Files/Pods/Pods.debug.xcconfig"; sourceTree = "<group>"; };
		5B03DE7A1A8B4DF800338828 /* SortViewController.h */ = {isa = PBXFileReference; fileEncoding = 4; lastKnownFileType = sourcecode.c.h; path = SortViewController.h; sourceTree = "<group>"; };
		5B03DE7B1A8B4DF800338828 /* SortViewController.m */ = {isa = PBXFileReference; fileEncoding = 4; lastKnownFileType = sourcecode.c.objc; path = SortViewController.m; sourceTree = "<group>"; };
		5B03DE7D1A8B5DBD00338828 /* SortType.h */ = {isa = PBXFileReference; fileEncoding = 4; lastKnownFileType = sourcecode.c.h; path = SortType.h; sourceTree = "<group>"; };
		5B03DE7E1A8B5DBD00338828 /* SortType.m */ = {isa = PBXFileReference; fileEncoding = 4; lastKnownFileType = sourcecode.c.objc; path = SortType.m; sourceTree = "<group>"; };
		5B192D9A1A650246001F5646 /* ArchitectsDaughter.ttf */ = {isa = PBXFileReference; lastKnownFileType = file; path = ArchitectsDaughter.ttf; sourceTree = "<group>"; };
		5B192D9B1A650246001F5646 /* CoveredByYourGrace.ttf */ = {isa = PBXFileReference; lastKnownFileType = file; path = CoveredByYourGrace.ttf; sourceTree = "<group>"; };
		5B192D9C1A650246001F5646 /* IndieFlower.ttf */ = {isa = PBXFileReference; lastKnownFileType = file; path = IndieFlower.ttf; sourceTree = "<group>"; };
		5B192D9D1A650246001F5646 /* ShadowsIntoLightTwo-Regular.ttf */ = {isa = PBXFileReference; lastKnownFileType = file; path = "ShadowsIntoLightTwo-Regular.ttf"; sourceTree = "<group>"; };
		5B31A45C1A1F17C700629C09 /* UIButton+Image.h */ = {isa = PBXFileReference; fileEncoding = 4; lastKnownFileType = sourcecode.c.h; path = "UIButton+Image.h"; sourceTree = "<group>"; };
		5B31A45D1A1F17C700629C09 /* UIButton+Image.m */ = {isa = PBXFileReference; fileEncoding = 4; lastKnownFileType = sourcecode.c.objc; path = "UIButton+Image.m"; sourceTree = "<group>"; };
		5B31A4661A1F5CCE00629C09 /* Constants.h */ = {isa = PBXFileReference; fileEncoding = 4; lastKnownFileType = sourcecode.c.h; path = Constants.h; sourceTree = "<group>"; };
		5B31A4671A1F5CCE00629C09 /* Constants.m */ = {isa = PBXFileReference; fileEncoding = 4; lastKnownFileType = sourcecode.c.objc; path = Constants.m; sourceTree = "<group>"; };
		5B4833C31A1B1B1100CA240D /* SoulIntentions.app */ = {isa = PBXFileReference; explicitFileType = wrapper.application; includeInIndex = 0; path = SoulIntentions.app; sourceTree = BUILT_PRODUCTS_DIR; };
		5B4833C71A1B1B1100CA240D /* Info.plist */ = {isa = PBXFileReference; lastKnownFileType = text.plist.xml; path = Info.plist; sourceTree = "<group>"; };
		5B4833C81A1B1B1100CA240D /* main.m */ = {isa = PBXFileReference; lastKnownFileType = sourcecode.c.objc; path = main.m; sourceTree = "<group>"; };
		5B4833CA1A1B1B1100CA240D /* AppDelegate.h */ = {isa = PBXFileReference; lastKnownFileType = sourcecode.c.h; path = AppDelegate.h; sourceTree = "<group>"; };
		5B4833CB1A1B1B1100CA240D /* AppDelegate.m */ = {isa = PBXFileReference; lastKnownFileType = sourcecode.c.objc; path = AppDelegate.m; sourceTree = "<group>"; };
		5B4833D11A1B1B1100CA240D /* Base */ = {isa = PBXFileReference; lastKnownFileType = file.storyboard; name = Base; path = Base.lproj/Main.storyboard; sourceTree = "<group>"; };
		5B4833D31A1B1B1100CA240D /* Images.xcassets */ = {isa = PBXFileReference; lastKnownFileType = folder.assetcatalog; path = Images.xcassets; sourceTree = "<group>"; };
		5B4833DC1A1B1B1100CA240D /* SoulIntentionsTests.xctest */ = {isa = PBXFileReference; explicitFileType = wrapper.cfbundle; includeInIndex = 0; path = SoulIntentionsTests.xctest; sourceTree = BUILT_PRODUCTS_DIR; };
		5B4833E11A1B1B1100CA240D /* Info.plist */ = {isa = PBXFileReference; lastKnownFileType = text.plist.xml; path = Info.plist; sourceTree = "<group>"; };
		5B4833E21A1B1B1100CA240D /* SoulIntentionTests.m */ = {isa = PBXFileReference; lastKnownFileType = sourcecode.c.objc; path = SoulIntentionTests.m; sourceTree = "<group>"; };
		5B4833ED1A1B1B5100CA240D /* FacebookManager.h */ = {isa = PBXFileReference; fileEncoding = 4; lastKnownFileType = sourcecode.c.h; path = FacebookManager.h; sourceTree = "<group>"; };
		5B4833EE1A1B1B5100CA240D /* FacebookManager.m */ = {isa = PBXFileReference; fileEncoding = 4; lastKnownFileType = sourcecode.c.objc; path = FacebookManager.m; sourceTree = "<group>"; };
		5B4833EF1A1B1B5100CA240D /* SoulIntentionManager.h */ = {isa = PBXFileReference; fileEncoding = 4; lastKnownFileType = sourcecode.c.h; path = SoulIntentionManager.h; sourceTree = "<group>"; };
		5B4833F01A1B1B5100CA240D /* SoulIntentionManager.m */ = {isa = PBXFileReference; fileEncoding = 4; lastKnownFileType = sourcecode.c.objc; path = SoulIntentionManager.m; sourceTree = "<group>"; };
		5B4833F11A1B1B5100CA240D /* TwitterManager.h */ = {isa = PBXFileReference; fileEncoding = 4; lastKnownFileType = sourcecode.c.h; path = TwitterManager.h; sourceTree = "<group>"; };
		5B4833F21A1B1B5100CA240D /* TwitterManager.m */ = {isa = PBXFileReference; fileEncoding = 4; lastKnownFileType = sourcecode.c.objc; path = TwitterManager.m; sourceTree = "<group>"; };
		5B4833F41A1B1B5100CA240D /* Post.h */ = {isa = PBXFileReference; fileEncoding = 4; lastKnownFileType = sourcecode.c.h; path = Post.h; sourceTree = "<group>"; };
		5B4833F51A1B1B5100CA240D /* Post.m */ = {isa = PBXFileReference; fileEncoding = 4; lastKnownFileType = sourcecode.c.objc; path = Post.m; sourceTree = "<group>"; };
		5B4833F71A1B1B5100CA240D /* ListTableViewCell.h */ = {isa = PBXFileReference; fileEncoding = 4; lastKnownFileType = sourcecode.c.h; path = ListTableViewCell.h; sourceTree = "<group>"; };
		5B4833F81A1B1B5100CA240D /* ListTableViewCell.m */ = {isa = PBXFileReference; fileEncoding = 4; lastKnownFileType = sourcecode.c.objc; path = ListTableViewCell.m; sourceTree = "<group>"; };
		5B4833FA1A1B1B5100CA240D /* ListViewController.h */ = {isa = PBXFileReference; fileEncoding = 4; lastKnownFileType = sourcecode.c.h; path = ListViewController.h; sourceTree = "<group>"; };
		5B4833FB1A1B1B5100CA240D /* ListViewController.m */ = {isa = PBXFileReference; fileEncoding = 4; lastKnownFileType = sourcecode.c.objc; path = ListViewController.m; sourceTree = "<group>"; };
		5B4833FC1A1B1B5100CA240D /* MainViewController.h */ = {isa = PBXFileReference; fileEncoding = 4; lastKnownFileType = sourcecode.c.h; path = MainViewController.h; sourceTree = "<group>"; };
		5B4833FD1A1B1B5100CA240D /* MainViewController.m */ = {isa = PBXFileReference; fileEncoding = 4; lastKnownFileType = sourcecode.c.objc; path = MainViewController.m; sourceTree = "<group>"; };
		5B4833FE1A1B1B5100CA240D /* PostViewController.h */ = {isa = PBXFileReference; fileEncoding = 4; lastKnownFileType = sourcecode.c.h; path = PostViewController.h; sourceTree = "<group>"; };
		5B4833FF1A1B1B5100CA240D /* PostViewController.m */ = {isa = PBXFileReference; fileEncoding = 4; lastKnownFileType = sourcecode.c.objc; path = PostViewController.m; sourceTree = "<group>"; };
		5B532A561A1CCC4E00D96279 /* Author.h */ = {isa = PBXFileReference; fileEncoding = 4; lastKnownFileType = sourcecode.c.h; path = Author.h; sourceTree = "<group>"; };
		5B532A571A1CCC4E00D96279 /* Author.m */ = {isa = PBXFileReference; fileEncoding = 4; lastKnownFileType = sourcecode.c.objc; path = Author.m; sourceTree = "<group>"; };
		5B8CAA641A1B579C0056020B /* Social.framework */ = {isa = PBXFileReference; lastKnownFileType = wrapper.framework; name = Social.framework; path = System/Library/Frameworks/Social.framework; sourceTree = SDKROOT; };
		5B8CAA661A1B57A80056020B /* Accounts.framework */ = {isa = PBXFileReference; lastKnownFileType = wrapper.framework; name = Accounts.framework; path = System/Library/Frameworks/Accounts.framework; sourceTree = SDKROOT; };
		5BA250FB1A1CA5C100EA2F57 /* SocialManager.h */ = {isa = PBXFileReference; fileEncoding = 4; lastKnownFileType = sourcecode.c.h; path = SocialManager.h; sourceTree = "<group>"; };
		5BA250FC1A1CA5C200EA2F57 /* SocialManager.m */ = {isa = PBXFileReference; fileEncoding = 4; lastKnownFileType = sourcecode.c.objc; path = SocialManager.m; sourceTree = "<group>"; };
		5BB622EF1A2364BD003797D3 /* UIView+LoadingIndicator.h */ = {isa = PBXFileReference; fileEncoding = 4; lastKnownFileType = sourcecode.c.h; path = "UIView+LoadingIndicator.h"; sourceTree = "<group>"; };
		5BB622F01A2364BD003797D3 /* UIView+LoadingIndicator.m */ = {isa = PBXFileReference; fileEncoding = 4; lastKnownFileType = sourcecode.c.objc; path = "UIView+LoadingIndicator.m"; sourceTree = "<group>"; };
		5BF05C931A712A2C00AE6645 /* InitialViewController.h */ = {isa = PBXFileReference; fileEncoding = 4; lastKnownFileType = sourcecode.c.h; path = InitialViewController.h; sourceTree = "<group>"; };
		5BF05C941A712A2C00AE6645 /* InitialViewController.m */ = {isa = PBXFileReference; fileEncoding = 4; lastKnownFileType = sourcecode.c.objc; path = InitialViewController.m; sourceTree = "<group>"; };
		84CE29191A1B393300109DC3 /* AutorViewController.h */ = {isa = PBXFileReference; fileEncoding = 4; lastKnownFileType = sourcecode.c.h; path = AutorViewController.h; sourceTree = "<group>"; };
		84CE291A1A1B393300109DC3 /* AutorViewController.m */ = {isa = PBXFileReference; fileEncoding = 4; lastKnownFileType = sourcecode.c.objc; path = AutorViewController.m; sourceTree = "<group>"; };
		84CE291C1A1B43C600109DC3 /* Twitter.framework */ = {isa = PBXFileReference; lastKnownFileType = wrapper.framework; name = Twitter.framework; path = System/Library/Frameworks/Twitter.framework; sourceTree = SDKROOT; };
		93C806F357FC21F764DB28CC /* Pods.release.xcconfig */ = {isa = PBXFileReference; includeInIndex = 1; lastKnownFileType = text.xcconfig; name = Pods.release.xcconfig; path = "Pods/Target Support Files/Pods/Pods.release.xcconfig"; sourceTree = "<group>"; };
/* End PBXFileReference section */

/* Begin PBXFrameworksBuildPhase section */
		5B4833C01A1B1B1100CA240D /* Frameworks */ = {
			isa = PBXFrameworksBuildPhase;
			buildActionMask = 2147483647;
			files = (
				5B8CAA671A1B57A80056020B /* Accounts.framework in Frameworks */,
				5B8CAA651A1B579C0056020B /* Social.framework in Frameworks */,
				B5884602BAEE1AFCDF27C19E /* libPods.a in Frameworks */,
			);
			runOnlyForDeploymentPostprocessing = 0;
		};
		5B4833D91A1B1B1100CA240D /* Frameworks */ = {
			isa = PBXFrameworksBuildPhase;
			buildActionMask = 2147483647;
			files = (
			);
			runOnlyForDeploymentPostprocessing = 0;
		};
/* End PBXFrameworksBuildPhase section */

/* Begin PBXGroup section */
		5B192D981A650246001F5646 /* Resources */ = {
			isa = PBXGroup;
			children = (
				5B192D991A650246001F5646 /* Fonts */,
			);
			path = Resources;
			sourceTree = "<group>";
		};
		5B192D991A650246001F5646 /* Fonts */ = {
			isa = PBXGroup;
			children = (
				5B192D9A1A650246001F5646 /* ArchitectsDaughter.ttf */,
				5B192D9B1A650246001F5646 /* CoveredByYourGrace.ttf */,
				5B192D9C1A650246001F5646 /* IndieFlower.ttf */,
				5B192D9D1A650246001F5646 /* ShadowsIntoLightTwo-Regular.ttf */,
			);
			path = Fonts;
			sourceTree = "<group>";
		};
		5B31A45F1A1F5B0000629C09 /* OtherClasses */ = {
			isa = PBXGroup;
			children = (
				5B31A4661A1F5CCE00629C09 /* Constants.h */,
				5B31A4671A1F5CCE00629C09 /* Constants.m */,
				5B03DE7D1A8B5DBD00338828 /* SortType.h */,
				5B03DE7E1A8B5DBD00338828 /* SortType.m */,
			);
			path = OtherClasses;
			sourceTree = "<group>";
		};
		5B4833BA1A1B1B1100CA240D = {
			isa = PBXGroup;
			children = (
				5B4833C51A1B1B1100CA240D /* SoulIntention */,
				5B4833DF1A1B1B1100CA240D /* SoulIntentionTests */,
				5B4833C41A1B1B1100CA240D /* Products */,
				8808F7AE4B21F6B00E5A001D /* Pods */,
				F7B569E7818F23F084A34634 /* Frameworks */,
			);
			sourceTree = "<group>";
		};
		5B4833C41A1B1B1100CA240D /* Products */ = {
			isa = PBXGroup;
			children = (
				5B4833C31A1B1B1100CA240D /* SoulIntentions.app */,
				5B4833DC1A1B1B1100CA240D /* SoulIntentionsTests.xctest */,
			);
			name = Products;
			sourceTree = "<group>";
		};
		5B4833C51A1B1B1100CA240D /* SoulIntention */ = {
			isa = PBXGroup;
			children = (
				5B31A45F1A1F5B0000629C09 /* OtherClasses */,
				84CE291E1A1B68DE00109DC3 /* Categories */,
				5B4833EC1A1B1B5100CA240D /* Managers */,
				5B4833F31A1B1B5100CA240D /* Models */,
				5B4833F61A1B1B5100CA240D /* TableViewCells */,
				5B4833F91A1B1B5100CA240D /* ViewControllers */,
				5B192D981A650246001F5646 /* Resources */,
				5B4833CA1A1B1B1100CA240D /* AppDelegate.h */,
				5B4833CB1A1B1B1100CA240D /* AppDelegate.m */,
				5B4833D01A1B1B1100CA240D /* Main.storyboard */,
				5B4833D31A1B1B1100CA240D /* Images.xcassets */,
				5B4833C61A1B1B1100CA240D /* Supporting Files */,
			);
			path = SoulIntention;
			sourceTree = "<group>";
		};
		5B4833C61A1B1B1100CA240D /* Supporting Files */ = {
			isa = PBXGroup;
			children = (
				5B4833C71A1B1B1100CA240D /* Info.plist */,
				5B4833C81A1B1B1100CA240D /* main.m */,
			);
			name = "Supporting Files";
			sourceTree = "<group>";
		};
		5B4833DF1A1B1B1100CA240D /* SoulIntentionTests */ = {
			isa = PBXGroup;
			children = (
				5B4833E21A1B1B1100CA240D /* SoulIntentionTests.m */,
				5B4833E01A1B1B1100CA240D /* Supporting Files */,
			);
			path = SoulIntentionTests;
			sourceTree = "<group>";
		};
		5B4833E01A1B1B1100CA240D /* Supporting Files */ = {
			isa = PBXGroup;
			children = (
				5B4833E11A1B1B1100CA240D /* Info.plist */,
			);
			name = "Supporting Files";
			sourceTree = "<group>";
		};
		5B4833EC1A1B1B5100CA240D /* Managers */ = {
			isa = PBXGroup;
			children = (
				5B4833EF1A1B1B5100CA240D /* SoulIntentionManager.h */,
				5B4833F01A1B1B5100CA240D /* SoulIntentionManager.m */,
				5BA250FB1A1CA5C100EA2F57 /* SocialManager.h */,
				5BA250FC1A1CA5C200EA2F57 /* SocialManager.m */,
				5B4833ED1A1B1B5100CA240D /* FacebookManager.h */,
				5B4833EE1A1B1B5100CA240D /* FacebookManager.m */,
				5B4833F11A1B1B5100CA240D /* TwitterManager.h */,
				5B4833F21A1B1B5100CA240D /* TwitterManager.m */,
			);
			path = Managers;
			sourceTree = "<group>";
		};
		5B4833F31A1B1B5100CA240D /* Models */ = {
			isa = PBXGroup;
			children = (
				5B4833F41A1B1B5100CA240D /* Post.h */,
				5B4833F51A1B1B5100CA240D /* Post.m */,
				5B532A561A1CCC4E00D96279 /* Author.h */,
				5B532A571A1CCC4E00D96279 /* Author.m */,
			);
			path = Models;
			sourceTree = "<group>";
		};
		5B4833F61A1B1B5100CA240D /* TableViewCells */ = {
			isa = PBXGroup;
			children = (
				5B4833F71A1B1B5100CA240D /* ListTableViewCell.h */,
				5B4833F81A1B1B5100CA240D /* ListTableViewCell.m */,
			);
			path = TableViewCells;
			sourceTree = "<group>";
		};
		5B4833F91A1B1B5100CA240D /* ViewControllers */ = {
			isa = PBXGroup;
			children = (
				5BF05C931A712A2C00AE6645 /* InitialViewController.h */,
				5BF05C941A712A2C00AE6645 /* InitialViewController.m */,
				5B4833FC1A1B1B5100CA240D /* MainViewController.h */,
				5B4833FD1A1B1B5100CA240D /* MainViewController.m */,
				5B4833FA1A1B1B5100CA240D /* ListViewController.h */,
				5B4833FB1A1B1B5100CA240D /* ListViewController.m */,
				5B4833FE1A1B1B5100CA240D /* PostViewController.h */,
				5B4833FF1A1B1B5100CA240D /* PostViewController.m */,
				84CE29191A1B393300109DC3 /* AutorViewController.h */,
				84CE291A1A1B393300109DC3 /* AutorViewController.m */,
				5B03DE7A1A8B4DF800338828 /* SortViewController.h */,
				5B03DE7B1A8B4DF800338828 /* SortViewController.m */,
			);
			path = ViewControllers;
			sourceTree = "<group>";
		};
		84CE291E1A1B68DE00109DC3 /* Categories */ = {
			isa = PBXGroup;
			children = (
				5B31A45C1A1F17C700629C09 /* UIButton+Image.h */,
				5B31A45D1A1F17C700629C09 /* UIButton+Image.m */,
				5BB622EF1A2364BD003797D3 /* UIView+LoadingIndicator.h */,
				5BB622F01A2364BD003797D3 /* UIView+LoadingIndicator.m */,
			);
			path = Categories;
			sourceTree = "<group>";
		};
		8808F7AE4B21F6B00E5A001D /* Pods */ = {
			isa = PBXGroup;
			children = (
				25DBFB504AFE52C4B16713B9 /* Pods.debug.xcconfig */,
				93C806F357FC21F764DB28CC /* Pods.release.xcconfig */,
			);
			name = Pods;
			sourceTree = "<group>";
		};
		F7B569E7818F23F084A34634 /* Frameworks */ = {
			isa = PBXGroup;
			children = (
				5B8CAA661A1B57A80056020B /* Accounts.framework */,
				5B8CAA641A1B579C0056020B /* Social.framework */,
				84CE291C1A1B43C600109DC3 /* Twitter.framework */,
				064D9156E3CB37447070654F /* libPods.a */,
			);
			name = Frameworks;
			sourceTree = "<group>";
		};
/* End PBXGroup section */

/* Begin PBXNativeTarget section */
		5B4833C21A1B1B1100CA240D /* SoulIntentions */ = {
			isa = PBXNativeTarget;
			buildConfigurationList = 5B4833E61A1B1B1100CA240D /* Build configuration list for PBXNativeTarget "SoulIntentions" */;
			buildPhases = (
				ECD9843C15DF78DD8ABE8062 /* Check Pods Manifest.lock */,
				5B4833BF1A1B1B1100CA240D /* Sources */,
				5B4833C01A1B1B1100CA240D /* Frameworks */,
				5B4833C11A1B1B1100CA240D /* Resources */,
				F3372C53B08D783B737F9CBF /* Copy Pods Resources */,
			);
			buildRules = (
			);
			dependencies = (
			);
			name = SoulIntentions;
			productName = SoulIntention;
			productReference = 5B4833C31A1B1B1100CA240D /* SoulIntentions.app */;
			productType = "com.apple.product-type.application";
		};
		5B4833DB1A1B1B1100CA240D /* SoulIntentionsTests */ = {
			isa = PBXNativeTarget;
			buildConfigurationList = 5B4833E91A1B1B1100CA240D /* Build configuration list for PBXNativeTarget "SoulIntentionsTests" */;
			buildPhases = (
				5B4833D81A1B1B1100CA240D /* Sources */,
				5B4833D91A1B1B1100CA240D /* Frameworks */,
				5B4833DA1A1B1B1100CA240D /* Resources */,
			);
			buildRules = (
			);
			dependencies = (
				5B4833DE1A1B1B1100CA240D /* PBXTargetDependency */,
			);
			name = SoulIntentionsTests;
			productName = SoulIntentionTests;
			productReference = 5B4833DC1A1B1B1100CA240D /* SoulIntentionsTests.xctest */;
			productType = "com.apple.product-type.bundle.unit-test";
		};
/* End PBXNativeTarget section */

/* Begin PBXProject section */
		5B4833BB1A1B1B1100CA240D /* Project object */ = {
			isa = PBXProject;
			attributes = {
				LastUpgradeCheck = 0600;
				ORGANIZATIONNAME = ThinkMobiles;
				TargetAttributes = {
					5B4833C21A1B1B1100CA240D = {
						CreatedOnToolsVersion = 6.0.1;
					};
					5B4833DB1A1B1B1100CA240D = {
						CreatedOnToolsVersion = 6.0.1;
						TestTargetID = 5B4833C21A1B1B1100CA240D;
					};
				};
			};
			buildConfigurationList = 5B4833BE1A1B1B1100CA240D /* Build configuration list for PBXProject "SoulIntentions" */;
			compatibilityVersion = "Xcode 3.2";
			developmentRegion = English;
			hasScannedForEncodings = 0;
			knownRegions = (
				en,
				Base,
			);
			mainGroup = 5B4833BA1A1B1B1100CA240D;
			productRefGroup = 5B4833C41A1B1B1100CA240D /* Products */;
			projectDirPath = "";
			projectRoot = "";
			targets = (
				5B4833C21A1B1B1100CA240D /* SoulIntentions */,
				5B4833DB1A1B1B1100CA240D /* SoulIntentionsTests */,
			);
		};
/* End PBXProject section */

/* Begin PBXResourcesBuildPhase section */
		5B4833C11A1B1B1100CA240D /* Resources */ = {
			isa = PBXResourcesBuildPhase;
			buildActionMask = 2147483647;
			files = (
				5B192D9F1A650246001F5646 /* CoveredByYourGrace.ttf in Resources */,
				5B192D9E1A650246001F5646 /* ArchitectsDaughter.ttf in Resources */,
				5B4833D21A1B1B1100CA240D /* Main.storyboard in Resources */,
				5B192DA11A650246001F5646 /* ShadowsIntoLightTwo-Regular.ttf in Resources */,
				5B4833D41A1B1B1100CA240D /* Images.xcassets in Resources */,
				5B192DA01A650246001F5646 /* IndieFlower.ttf in Resources */,
			);
			runOnlyForDeploymentPostprocessing = 0;
		};
		5B4833DA1A1B1B1100CA240D /* Resources */ = {
			isa = PBXResourcesBuildPhase;
			buildActionMask = 2147483647;
			files = (
			);
			runOnlyForDeploymentPostprocessing = 0;
		};
/* End PBXResourcesBuildPhase section */

/* Begin PBXShellScriptBuildPhase section */
		ECD9843C15DF78DD8ABE8062 /* Check Pods Manifest.lock */ = {
			isa = PBXShellScriptBuildPhase;
			buildActionMask = 2147483647;
			files = (
			);
			inputPaths = (
			);
			name = "Check Pods Manifest.lock";
			outputPaths = (
			);
			runOnlyForDeploymentPostprocessing = 0;
			shellPath = /bin/sh;
			shellScript = "diff \"${PODS_ROOT}/../Podfile.lock\" \"${PODS_ROOT}/Manifest.lock\" > /dev/null\nif [[ $? != 0 ]] ; then\n    cat << EOM\nerror: The sandbox is not in sync with the Podfile.lock. Run 'pod install' or update your CocoaPods installation.\nEOM\n    exit 1\nfi\n";
			showEnvVarsInLog = 0;
		};
		F3372C53B08D783B737F9CBF /* Copy Pods Resources */ = {
			isa = PBXShellScriptBuildPhase;
			buildActionMask = 2147483647;
			files = (
			);
			inputPaths = (
			);
			name = "Copy Pods Resources";
			outputPaths = (
			);
			runOnlyForDeploymentPostprocessing = 0;
			shellPath = /bin/sh;
			shellScript = "\"${SRCROOT}/Pods/Target Support Files/Pods/Pods-resources.sh\"\n";
			showEnvVarsInLog = 0;
		};
/* End PBXShellScriptBuildPhase section */

/* Begin PBXSourcesBuildPhase section */
		5B4833BF1A1B1B1100CA240D /* Sources */ = {
			isa = PBXSourcesBuildPhase;
			buildActionMask = 2147483647;
			files = (
				5B4834021A1B1B5100CA240D /* TwitterManager.m in Sources */,
				84CE291B1A1B393300109DC3 /* AutorViewController.m in Sources */,
				5B03DE7C1A8B4DF800338828 /* SortViewController.m in Sources */,
				5B03DE7F1A8B5DBD00338828 /* SortType.m in Sources */,
				5B532A581A1CCC4E00D96279 /* Author.m in Sources */,
				5B31A45E1A1F17C700629C09 /* UIButton+Image.m in Sources */,
				5B4834031A1B1B5100CA240D /* Post.m in Sources */,
				5BB622F11A2364BD003797D3 /* UIView+LoadingIndicator.m in Sources */,
				5B4834051A1B1B5100CA240D /* ListViewController.m in Sources */,
				5B4833CC1A1B1B1100CA240D /* AppDelegate.m in Sources */,
				5B4834071A1B1B5100CA240D /* PostViewController.m in Sources */,
				5B31A4681A1F5CCE00629C09 /* Constants.m in Sources */,
				5B4834061A1B1B5100CA240D /* MainViewController.m in Sources */,
				5B4834001A1B1B5100CA240D /* FacebookManager.m in Sources */,
				5B4834041A1B1B5100CA240D /* ListTableViewCell.m in Sources */,
				5B4833C91A1B1B1100CA240D /* main.m in Sources */,
				5BF05C951A712A2C00AE6645 /* InitialViewController.m in Sources */,
				5B4834011A1B1B5100CA240D /* SoulIntentionManager.m in Sources */,
				5BA250FD1A1CA5C200EA2F57 /* SocialManager.m in Sources */,
			);
			runOnlyForDeploymentPostprocessing = 0;
		};
		5B4833D81A1B1B1100CA240D /* Sources */ = {
			isa = PBXSourcesBuildPhase;
			buildActionMask = 2147483647;
			files = (
				5B4833E31A1B1B1100CA240D /* SoulIntentionTests.m in Sources */,
			);
			runOnlyForDeploymentPostprocessing = 0;
		};
/* End PBXSourcesBuildPhase section */

/* Begin PBXTargetDependency section */
		5B4833DE1A1B1B1100CA240D /* PBXTargetDependency */ = {
			isa = PBXTargetDependency;
			target = 5B4833C21A1B1B1100CA240D /* SoulIntentions */;
			targetProxy = 5B4833DD1A1B1B1100CA240D /* PBXContainerItemProxy */;
		};
/* End PBXTargetDependency section */

/* Begin PBXVariantGroup section */
		5B4833D01A1B1B1100CA240D /* Main.storyboard */ = {
			isa = PBXVariantGroup;
			children = (
				5B4833D11A1B1B1100CA240D /* Base */,
			);
			name = Main.storyboard;
			sourceTree = "<group>";
		};
/* End PBXVariantGroup section */

/* Begin XCBuildConfiguration section */
		5B4833E41A1B1B1100CA240D /* Debug */ = {
			isa = XCBuildConfiguration;
			buildSettings = {
				ALWAYS_SEARCH_USER_PATHS = NO;
				CLANG_CXX_LANGUAGE_STANDARD = "gnu++0x";
				CLANG_CXX_LIBRARY = "libc++";
				CLANG_ENABLE_MODULES = YES;
				CLANG_ENABLE_OBJC_ARC = YES;
				CLANG_WARN_BOOL_CONVERSION = YES;
				CLANG_WARN_CONSTANT_CONVERSION = YES;
				CLANG_WARN_DIRECT_OBJC_ISA_USAGE = YES_ERROR;
				CLANG_WARN_EMPTY_BODY = YES;
				CLANG_WARN_ENUM_CONVERSION = YES;
				CLANG_WARN_INT_CONVERSION = YES;
				CLANG_WARN_OBJC_ROOT_CLASS = YES_ERROR;
				CLANG_WARN_UNREACHABLE_CODE = YES;
				CLANG_WARN__DUPLICATE_METHOD_MATCH = YES;
				CODE_SIGN_IDENTITY = "iPhone Distribution: Roman Huti (5EWZN3DN9R)";
				"CODE_SIGN_IDENTITY[sdk=iphoneos*]" = "iPhone Distribution: Roman Huti (5EWZN3DN9R)";
				COPY_PHASE_STRIP = NO;
				ENABLE_STRICT_OBJC_MSGSEND = YES;
				GCC_C_LANGUAGE_STANDARD = gnu99;
				GCC_DYNAMIC_NO_PIC = NO;
				GCC_OPTIMIZATION_LEVEL = 0;
				GCC_PREPROCESSOR_DEFINITIONS = (
					"DEBUG=1",
					"$(inherited)",
				);
				GCC_SYMBOLS_PRIVATE_EXTERN = NO;
				GCC_WARN_64_TO_32_BIT_CONVERSION = YES;
				GCC_WARN_ABOUT_RETURN_TYPE = YES_ERROR;
				GCC_WARN_UNDECLARED_SELECTOR = YES;
				GCC_WARN_UNINITIALIZED_AUTOS = YES_AGGRESSIVE;
				GCC_WARN_UNUSED_FUNCTION = YES;
				GCC_WARN_UNUSED_VARIABLE = YES;
				IPHONEOS_DEPLOYMENT_TARGET = 8.0;
				MTL_ENABLE_DEBUG_INFO = YES;
				ONLY_ACTIVE_ARCH = YES;
				PROVISIONING_PROFILE = "9d333a37-91c0-435a-a53c-5e6f08ead259";
				SDKROOT = iphoneos;
			};
			name = Debug;
		};
		5B4833E51A1B1B1100CA240D /* Release */ = {
			isa = XCBuildConfiguration;
			buildSettings = {
				ALWAYS_SEARCH_USER_PATHS = NO;
				CLANG_CXX_LANGUAGE_STANDARD = "gnu++0x";
				CLANG_CXX_LIBRARY = "libc++";
				CLANG_ENABLE_MODULES = YES;
				CLANG_ENABLE_OBJC_ARC = YES;
				CLANG_WARN_BOOL_CONVERSION = YES;
				CLANG_WARN_CONSTANT_CONVERSION = YES;
				CLANG_WARN_DIRECT_OBJC_ISA_USAGE = YES_ERROR;
				CLANG_WARN_EMPTY_BODY = YES;
				CLANG_WARN_ENUM_CONVERSION = YES;
				CLANG_WARN_INT_CONVERSION = YES;
				CLANG_WARN_OBJC_ROOT_CLASS = YES_ERROR;
				CLANG_WARN_UNREACHABLE_CODE = YES;
				CLANG_WARN__DUPLICATE_METHOD_MATCH = YES;
				CODE_SIGN_IDENTITY = "iPhone Distribution: Roman Huti (5EWZN3DN9R)";
				"CODE_SIGN_IDENTITY[sdk=iphoneos*]" = "iPhone Distribution: Roman Huti (5EWZN3DN9R)";
				COPY_PHASE_STRIP = YES;
				ENABLE_NS_ASSERTIONS = NO;
				ENABLE_STRICT_OBJC_MSGSEND = YES;
				GCC_C_LANGUAGE_STANDARD = gnu99;
				GCC_WARN_64_TO_32_BIT_CONVERSION = YES;
				GCC_WARN_ABOUT_RETURN_TYPE = YES_ERROR;
				GCC_WARN_UNDECLARED_SELECTOR = YES;
				GCC_WARN_UNINITIALIZED_AUTOS = YES_AGGRESSIVE;
				GCC_WARN_UNUSED_FUNCTION = YES;
				GCC_WARN_UNUSED_VARIABLE = YES;
				IPHONEOS_DEPLOYMENT_TARGET = 8.0;
				MTL_ENABLE_DEBUG_INFO = NO;
				PROVISIONING_PROFILE = "9d333a37-91c0-435a-a53c-5e6f08ead259";
				SDKROOT = iphoneos;
				VALIDATE_PRODUCT = YES;
			};
			name = Release;
		};
		5B4833E71A1B1B1100CA240D /* Debug */ = {
			isa = XCBuildConfiguration;
			baseConfigurationReference = 25DBFB504AFE52C4B16713B9 /* Pods.debug.xcconfig */;
			buildSettings = {
				ASSETCATALOG_COMPILER_APPICON_NAME = AppIcon;
				ASSETCATALOG_COMPILER_LAUNCHIMAGE_NAME = LaunchImage;
				CODE_SIGN_IDENTITY = "iPhone Distribution: Roman Huti (5EWZN3DN9R)";
				"CODE_SIGN_IDENTITY[sdk=iphoneos*]" = "iPhone Distribution: Roman Huti (5EWZN3DN9R)";
				CODE_SIGN_RESOURCE_RULES_PATH = "$(SDKROOT)/ResourceRules.plist";
				INFOPLIST_FILE = SoulIntention/Info.plist;
				LD_RUNPATH_SEARCH_PATHS = "$(inherited) @executable_path/Frameworks";
				OTHER_CODE_SIGN_FLAGS = "";
				PRODUCT_NAME = SoulIntentions;
				PROVISIONING_PROFILE = "9d333a37-91c0-435a-a53c-5e6f08ead259";
			};
			name = Debug;
		};
		5B4833E81A1B1B1100CA240D /* Release */ = {
			isa = XCBuildConfiguration;
			baseConfigurationReference = 93C806F357FC21F764DB28CC /* Pods.release.xcconfig */;
			buildSettings = {
				ASSETCATALOG_COMPILER_APPICON_NAME = AppIcon;
				ASSETCATALOG_COMPILER_LAUNCHIMAGE_NAME = LaunchImage;
				CODE_SIGN_IDENTITY = "iPhone Distribution: Roman Huti (5EWZN3DN9R)";
				CODE_SIGN_RESOURCE_RULES_PATH = "$(SDKROOT)/ResourceRules.plist";
				INFOPLIST_FILE = SoulIntention/Info.plist;
				LD_RUNPATH_SEARCH_PATHS = "$(inherited) @executable_path/Frameworks";
				OTHER_CODE_SIGN_FLAGS = "";
				PRODUCT_NAME = SoulIntentions;
				PROVISIONING_PROFILE = "9d333a37-91c0-435a-a53c-5e6f08ead259";
			};
			name = Release;
		};
		5B4833EA1A1B1B1100CA240D /* Debug */ = {
			isa = XCBuildConfiguration;
			buildSettings = {
				BUNDLE_LOADER = "$(TEST_HOST)";
				FRAMEWORK_SEARCH_PATHS = (
					"$(SDKROOT)/Developer/Library/Frameworks",
					"$(inherited)",
				);
				GCC_PREPROCESSOR_DEFINITIONS = (
					"DEBUG=1",
					"$(inherited)",
				);
				INFOPLIST_FILE = SoulIntentionTests/Info.plist;
				LD_RUNPATH_SEARCH_PATHS = "$(inherited) @executable_path/Frameworks @loader_path/Frameworks";
				PRODUCT_NAME = SoulIntentionsTests;
				TEST_HOST = "$(BUILT_PRODUCTS_DIR)/SoulIntention.app/SoulIntention";
			};
			name = Debug;
		};
		5B4833EB1A1B1B1100CA240D /* Release */ = {
			isa = XCBuildConfiguration;
			buildSettings = {
				BUNDLE_LOADER = "$(TEST_HOST)";
				FRAMEWORK_SEARCH_PATHS = (
					"$(SDKROOT)/Developer/Library/Frameworks",
					"$(inherited)",
				);
				INFOPLIST_FILE = SoulIntentionTests/Info.plist;
				LD_RUNPATH_SEARCH_PATHS = "$(inherited) @executable_path/Frameworks @loader_path/Frameworks";
				PRODUCT_NAME = SoulIntentionsTests;
				TEST_HOST = "$(BUILT_PRODUCTS_DIR)/SoulIntention.app/SoulIntention";
			};
			name = Release;
		};
/* End XCBuildConfiguration section */

/* Begin XCConfigurationList section */
		5B4833BE1A1B1B1100CA240D /* Build configuration list for PBXProject "SoulIntentions" */ = {
			isa = XCConfigurationList;
			buildConfigurations = (
				5B4833E41A1B1B1100CA240D /* Debug */,
				5B4833E51A1B1B1100CA240D /* Release */,
			);
			defaultConfigurationIsVisible = 0;
			defaultConfigurationName = Release;
		};
		5B4833E61A1B1B1100CA240D /* Build configuration list for PBXNativeTarget "SoulIntentions" */ = {
			isa = XCConfigurationList;
			buildConfigurations = (
				5B4833E71A1B1B1100CA240D /* Debug */,
				5B4833E81A1B1B1100CA240D /* Release */,
			);
			defaultConfigurationIsVisible = 0;
			defaultConfigurationName = Release;
		};
		5B4833E91A1B1B1100CA240D /* Build configuration list for PBXNativeTarget "SoulIntentionsTests" */ = {
			isa = XCConfigurationList;
			buildConfigurations = (
				5B4833EA1A1B1B1100CA240D /* Debug */,
				5B4833EB1A1B1B1100CA240D /* Release */,
			);
			defaultConfigurationIsVisible = 0;
			defaultConfigurationName = Release;
		};
/* End XCConfigurationList section */
	};
	rootObject = 5B4833BB1A1B1B1100CA240D /* Project object */;
}
